
Microsoft Visual Studio Solution File, Format Version 12.00
# Visual Studio 15
VisualStudioVersion = 15.0.28307.1000
MinimumVisualStudioVersion = 10.0.40219.1
Project("{9A19103F-16F7-4668-BE54-9A1E7A4F7556}") = "stock-api", "stock-api\stock-api.csproj", "{82FC375F-4204-4E7B-8D6E-D1C4CBCB6642}"
EndProject
Project("{FAE04EC0-301F-11D3-BF4B-00C04F79EFBC}") = "stock-api.Domain", "stock-api.Domain\stock-api.Domain.csproj", "{5E4BD05D-7953-4B4F-9ACE-67F31926B75E}"
EndProject
Project("{FAE04EC0-301F-11D3-BF4B-00C04F79EFBC}") = "stock-api.Infra", "stock-api.Infra\stock-api.Infra.csproj", "{ED27D39A-DAE4-46E5-99BB-1C467B6FBE20}"
EndProject
Global
	GlobalSection(SolutionConfigurationPlatforms) = preSolution
		Debug|Any CPU = Debug|Any CPU
		Release|Any CPU = Release|Any CPU
	EndGlobalSection
	GlobalSection(ProjectConfigurationPlatforms) = postSolution
		{82FC375F-4204-4E7B-8D6E-D1C4CBCB6642}.Debug|Any CPU.ActiveCfg = Debug|Any CPU
		{82FC375F-4204-4E7B-8D6E-D1C4CBCB6642}.Debug|Any CPU.Build.0 = Debug|Any CPU
		{82FC375F-4204-4E7B-8D6E-D1C4CBCB6642}.Release|Any CPU.ActiveCfg = Release|Any CPU
		{82FC375F-4204-4E7B-8D6E-D1C4CBCB6642}.Release|Any CPU.Build.0 = Release|Any CPU
		{5E4BD05D-7953-4B4F-9ACE-67F31926B75E}.Debug|Any CPU.ActiveCfg = Debug|Any CPU
		{5E4BD05D-7953-4B4F-9ACE-67F31926B75E}.Debug|Any CPU.Build.0 = Debug|Any CPU
		{5E4BD05D-7953-4B4F-9ACE-67F31926B75E}.Release|Any CPU.ActiveCfg = Release|Any CPU
		{5E4BD05D-7953-4B4F-9ACE-67F31926B75E}.Release|Any CPU.Build.0 = Release|Any CPU
		{ED27D39A-DAE4-46E5-99BB-1C467B6FBE20}.Debug|Any CPU.ActiveCfg = Debug|Any CPU
		{ED27D39A-DAE4-46E5-99BB-1C467B6FBE20}.Debug|Any CPU.Build.0 = Debug|Any CPU
		{ED27D39A-DAE4-46E5-99BB-1C467B6FBE20}.Release|Any CPU.ActiveCfg = Release|Any CPU
		{ED27D39A-DAE4-46E5-99BB-1C467B6FBE20}.Release|Any CPU.Build.0 = Release|Any CPU
	EndGlobalSection
	GlobalSection(SolutionProperties) = preSolution
		HideSolutionNode = FALSE
	EndGlobalSection
	GlobalSection(ExtensibilityGlobals) = postSolution
		SolutionGuid = {F81ACFC8-5668-492A-80CA-1CAAE5F1066C}
	EndGlobalSection
EndGlobal
